
Microsoft Visual Studio Solution File, Format Version 12.00
# Visual Studio Version 17
VisualStudioVersion = 17.7.34202.233
MinimumVisualStudioVersion = 10.0.40219.1
Project("{9A19103F-16F7-4668-BE54-9A1E7A4F7556}") = "MobileWorldAPI", "MobileWorldAPI\MobileWorldAPI.csproj", "{A8D3FE68-7CA9-4EA1-81C0-1D42CA1B5336}"
EndProject
Project("{2150E333-8FDC-42A3-9474-1A3956D46DE8}") = "API", "API", "{7FE4AECE-FA47-4A70-83D2-E02D65507017}"
EndProject
Project("{2150E333-8FDC-42A3-9474-1A3956D46DE8}") = "Entities", "Entities", "{6FF62FE7-98C2-49E1-9364-8A6E826A0A36}"
EndProject
Project("{2150E333-8FDC-42A3-9474-1A3956D46DE8}") = "DataAccess", "DataAccess", "{EADA3240-2EEC-43D1-B401-371B0C56BF98}"
EndProject
Project("{2150E333-8FDC-42A3-9474-1A3956D46DE8}") = "Service", "Service", "{3475A645-F5E9-4BD6-82F9-89FE734C69E3}"
EndProject
Project("{9A19103F-16F7-4668-BE54-9A1E7A4F7556}") = "Entities", "Entities\Entities.csproj", "{C059D01C-708C-4358-9620-9893E5D28386}"
EndProject
Project("{2150E333-8FDC-42A3-9474-1A3956D46DE8}") = "Client", "Client", "{D9B223A1-6F55-4AB6-AE36-68C48907F58D}"
EndProject
Project("{2150E333-8FDC-42A3-9474-1A3956D46DE8}") = "DTO", "DTO", "{C2301588-DE8E-4745-B105-FD70481383F5}"
EndProject
Project("{2150E333-8FDC-42A3-9474-1A3956D46DE8}") = "Converters", "Converters", "{D34511AE-6A6A-4792-946E-B898D2DBE538}"
EndProject
Project("{9A19103F-16F7-4668-BE54-9A1E7A4F7556}") = "MWProxy", "MWProxy\MWProxy.csproj", "{C2680B41-F4D0-431F-A57B-DACA6FB9E091}"
EndProject
Project("{9A19103F-16F7-4668-BE54-9A1E7A4F7556}") = "DTO", "MWDTO\DTO.csproj", "{50D54519-D5E3-4D5B-A613-70A0D3BAB0F4}"
EndProject
Project("{9A19103F-16F7-4668-BE54-9A1E7A4F7556}") = "Data Access", "Data Access\Data Access.csproj", "{7E60F031-C75A-4DEE-9FF8-3416220A81B6}"
EndProject
Project("{2150E333-8FDC-42A3-9474-1A3956D46DE8}") = "Helpers", "Helpers", "{6D8F66E5-CA0F-461E-AA8E-43F41E55DCA2}"
EndProject
Project("{9A19103F-16F7-4668-BE54-9A1E7A4F7556}") = "Helper", "Helper\Helper.csproj", "{3F064F46-0652-4647-AED3-628362A83930}"
EndProject
Global
	GlobalSection(SolutionConfigurationPlatforms) = preSolution
		Debug|Any CPU = Debug|Any CPU
		Release|Any CPU = Release|Any CPU
	EndGlobalSection
	GlobalSection(ProjectConfigurationPlatforms) = postSolution
		{A8D3FE68-7CA9-4EA1-81C0-1D42CA1B5336}.Debug|Any CPU.ActiveCfg = Debug|Any CPU
		{A8D3FE68-7CA9-4EA1-81C0-1D42CA1B5336}.Debug|Any CPU.Build.0 = Debug|Any CPU
		{A8D3FE68-7CA9-4EA1-81C0-1D42CA1B5336}.Release|Any CPU.ActiveCfg = Release|Any CPU
		{A8D3FE68-7CA9-4EA1-81C0-1D42CA1B5336}.Release|Any CPU.Build.0 = Release|Any CPU
		{C059D01C-708C-4358-9620-9893E5D28386}.Debug|Any CPU.ActiveCfg = Debug|Any CPU
		{C059D01C-708C-4358-9620-9893E5D28386}.Debug|Any CPU.Build.0 = Debug|Any CPU
		{C059D01C-708C-4358-9620-9893E5D28386}.Release|Any CPU.ActiveCfg = Release|Any CPU
		{C059D01C-708C-4358-9620-9893E5D28386}.Release|Any CPU.Build.0 = Release|Any CPU
		{C2680B41-F4D0-431F-A57B-DACA6FB9E091}.Debug|Any CPU.ActiveCfg = Debug|Any CPU
		{C2680B41-F4D0-431F-A57B-DACA6FB9E091}.Debug|Any CPU.Build.0 = Debug|Any CPU
		{C2680B41-F4D0-431F-A57B-DACA6FB9E091}.Release|Any CPU.ActiveCfg = Release|Any CPU
		{C2680B41-F4D0-431F-A57B-DACA6FB9E091}.Release|Any CPU.Build.0 = Release|Any CPU
		{50D54519-D5E3-4D5B-A613-70A0D3BAB0F4}.Debug|Any CPU.ActiveCfg = Debug|Any CPU
		{50D54519-D5E3-4D5B-A613-70A0D3BAB0F4}.Debug|Any CPU.Build.0 = Debug|Any CPU
		{50D54519-D5E3-4D5B-A613-70A0D3BAB0F4}.Release|Any CPU.ActiveCfg = Release|Any CPU
		{50D54519-D5E3-4D5B-A613-70A0D3BAB0F4}.Release|Any CPU.Build.0 = Release|Any CPU
		{7E60F031-C75A-4DEE-9FF8-3416220A81B6}.Debug|Any CPU.ActiveCfg = Debug|Any CPU
		{7E60F031-C75A-4DEE-9FF8-3416220A81B6}.Debug|Any CPU.Build.0 = Debug|Any CPU
		{7E60F031-C75A-4DEE-9FF8-3416220A81B6}.Release|Any CPU.ActiveCfg = Release|Any CPU
		{7E60F031-C75A-4DEE-9FF8-3416220A81B6}.Release|Any CPU.Build.0 = Release|Any CPU
		{3F064F46-0652-4647-AED3-628362A83930}.Debug|Any CPU.ActiveCfg = Debug|Any CPU
		{3F064F46-0652-4647-AED3-628362A83930}.Debug|Any CPU.Build.0 = Debug|Any CPU
		{3F064F46-0652-4647-AED3-628362A83930}.Release|Any CPU.ActiveCfg = Release|Any CPU
		{3F064F46-0652-4647-AED3-628362A83930}.Release|Any CPU.Build.0 = Release|Any CPU
	EndGlobalSection
	GlobalSection(SolutionProperties) = preSolution
		HideSolutionNode = FALSE
	EndGlobalSection
	GlobalSection(NestedProjects) = preSolution
		{A8D3FE68-7CA9-4EA1-81C0-1D42CA1B5336} = {7FE4AECE-FA47-4A70-83D2-E02D65507017}
		{C059D01C-708C-4358-9620-9893E5D28386} = {6FF62FE7-98C2-49E1-9364-8A6E826A0A36}
		{D9B223A1-6F55-4AB6-AE36-68C48907F58D} = {3475A645-F5E9-4BD6-82F9-89FE734C69E3}
		{C2301588-DE8E-4745-B105-FD70481383F5} = {3475A645-F5E9-4BD6-82F9-89FE734C69E3}
		{D34511AE-6A6A-4792-946E-B898D2DBE538} = {3475A645-F5E9-4BD6-82F9-89FE734C69E3}
		{C2680B41-F4D0-431F-A57B-DACA6FB9E091} = {D9B223A1-6F55-4AB6-AE36-68C48907F58D}
		{50D54519-D5E3-4D5B-A613-70A0D3BAB0F4} = {C2301588-DE8E-4745-B105-FD70481383F5}
		{7E60F031-C75A-4DEE-9FF8-3416220A81B6} = {EADA3240-2EEC-43D1-B401-371B0C56BF98}
		{6D8F66E5-CA0F-461E-AA8E-43F41E55DCA2} = {3475A645-F5E9-4BD6-82F9-89FE734C69E3}
		{3F064F46-0652-4647-AED3-628362A83930} = {6D8F66E5-CA0F-461E-AA8E-43F41E55DCA2}
	EndGlobalSection
	GlobalSection(ExtensibilityGlobals) = postSolution
		SolutionGuid = {E1434BA5-2DEE-457F-AE0A-B7F52711B534}
	EndGlobalSection
EndGlobal
